// !$*UTF8*$!
{
	archiveVersion = 1;
	classes = {
	};
	objectVersion = 46;
	objects = {

/* Begin PBXBuildFile section */
		230BAE3C152BE54700CE26EC /* UIKit.framework in Frameworks */ = {isa = PBXBuildFile; fileRef = 230BAE3B152BE54700CE26EC /* UIKit.framework */; };
		230BAE3E152BE54700CE26EC /* Foundation.framework in Frameworks */ = {isa = PBXBuildFile; fileRef = 230BAE3D152BE54700CE26EC /* Foundation.framework */; };
		230BAE40152BE54700CE26EC /* CoreGraphics.framework in Frameworks */ = {isa = PBXBuildFile; fileRef = 230BAE3F152BE54700CE26EC /* CoreGraphics.framework */; };
		230BAE46152BE54700CE26EC /* InfoPlist.strings in Resources */ = {isa = PBXBuildFile; fileRef = 230BAE44152BE54700CE26EC /* InfoPlist.strings */; };
		230BAE48152BE54700CE26EC /* main.m in Sources */ = {isa = PBXBuildFile; fileRef = 230BAE47152BE54700CE26EC /* main.m */; };
		230BAE4C152BE54700CE26EC /* AppDelegate.m in Sources */ = {isa = PBXBuildFile; fileRef = 230BAE4B152BE54700CE26EC /* AppDelegate.m */; };
		230BAE4F152BE54700CE26EC /* MainStoryboard.storyboard in Resources */ = {isa = PBXBuildFile; fileRef = 230BAE4D152BE54700CE26EC /* MainStoryboard.storyboard */; };
		230BAE52152BE54700CE26EC /* ViewController.m in Sources */ = {isa = PBXBuildFile; fileRef = 230BAE51152BE54700CE26EC /* ViewController.m */; };
/* End PBXBuildFile section */

/* Begin PBXFileReference section */
		230BAE37152BE54700CE26EC /* JBDeviceOwnerExample.app */ = {isa = PBXFileReference; explicitFileType = wrapper.application; includeInIndex = 0; path = JBDeviceOwnerExample.app; sourceTree = BUILT_PRODUCTS_DIR; };
		230BAE3B152BE54700CE26EC /* UIKit.framework */ = {isa = PBXFileReference; lastKnownFileType = wrapper.framework; name = UIKit.framework; path = System/Library/Frameworks/UIKit.framework; sourceTree = SDKROOT; };
		230BAE3D152BE54700CE26EC /* Foundation.framework */ = {isa = PBXFileReference; lastKnownFileType = wrapper.framework; name = Foundation.framework; path = System/Library/Frameworks/Foundation.framework; sourceTree = SDKROOT; };
		230BAE3F152BE54700CE26EC /* CoreGraphics.framework */ = {isa = PBXFileReference; lastKnownFileType = wrapper.framework; name = CoreGraphics.framework; path = System/Library/Frameworks/CoreGraphics.framework; sourceTree = SDKROOT; };
		230BAE43152BE54700CE26EC /* JBDeviceOwnerExample-Info.plist */ = {isa = PBXFileReference; lastKnownFileType = text.plist.xml; path = "JBDeviceOwnerExample-Info.plist"; sourceTree = "<group>"; };
		230BAE45152BE54700CE26EC /* en */ = {isa = PBXFileReference; lastKnownFileType = text.plist.strings; name = en; path = en.lproj/InfoPlist.strings; sourceTree = "<group>"; };
		230BAE47152BE54700CE26EC /* main.m */ = {isa = PBXFileReference; lastKnownFileType = sourcecode.c.objc; path = main.m; sourceTree = "<group>"; };
		230BAE49152BE54700CE26EC /* JBDeviceOwnerExample-Prefix.pch */ = {isa = PBXFileReference; lastKnownFileType = sourcecode.c.h; path = "JBDeviceOwnerExample-Prefix.pch"; sourceTree = "<group>"; };
		230BAE4A152BE54700CE26EC /* AppDelegate.h */ = {isa = PBXFileReference; lastKnownFileType = sourcecode.c.h; path = AppDelegate.h; sourceTree = "<group>"; };
		230BAE4B152BE54700CE26EC /* AppDelegate.m */ = {isa = PBXFileReference; lastKnownFileType = sourcecode.c.objc; path = AppDelegate.m; sourceTree = "<group>"; };
		230BAE4E152BE54700CE26EC /* en */ = {isa = PBXFileReference; lastKnownFileType = file.storyboard; name = en; path = en.lproj/MainStoryboard.storyboard; sourceTree = "<group>"; };
		230BAE50152BE54700CE26EC /* ViewController.h */ = {isa = PBXFileReference; lastKnownFileType = sourcecode.c.h; path = ViewController.h; sourceTree = "<group>"; };
		230BAE51152BE54700CE26EC /* ViewController.m */ = {isa = PBXFileReference; lastKnownFileType = sourcecode.c.objc; path = ViewController.m; sourceTree = "<group>"; };
/* End PBXFileReference section */

/* Begin PBXFrameworksBuildPhase section */
		230BAE34152BE54700CE26EC /* Frameworks */ = {
			isa = PBXFrameworksBuildPhase;
			buildActionMask = 2147483647;
			files = (
				230BAE3C152BE54700CE26EC /* UIKit.framework in Frameworks */,
				230BAE3E152BE54700CE26EC /* Foundation.framework in Frameworks */,
				230BAE40152BE54700CE26EC /* CoreGraphics.framework in Frameworks */,
			);
			runOnlyForDeploymentPostprocessing = 0;
		};
/* End PBXFrameworksBuildPhase section */

/* Begin PBXGroup section */
		230BAE2C152BE54700CE26EC = {
			isa = PBXGroup;
			children = (
				230BAE41152BE54700CE26EC /* JBDeviceOwnerExample */,
				230BAE3A152BE54700CE26EC /* Frameworks */,
				230BAE38152BE54700CE26EC /* Products */,
			);
			sourceTree = "<group>";
		};
		230BAE38152BE54700CE26EC /* Products */ = {
			isa = PBXGroup;
			children = (
				230BAE37152BE54700CE26EC /* JBDeviceOwnerExample.app */,
			);
			name = Products;
			sourceTree = "<group>";
		};
		230BAE3A152BE54700CE26EC /* Frameworks */ = {
			isa = PBXGroup;
			children = (
				230BAE3B152BE54700CE26EC /* UIKit.framework */,
				230BAE3D152BE54700CE26EC /* Foundation.framework */,
				230BAE3F152BE54700CE26EC /* CoreGraphics.framework */,
			);
			name = Frameworks;
			sourceTree = "<group>";
		};
		230BAE41152BE54700CE26EC /* JBDeviceOwnerExample */ = {
			isa = PBXGroup;
			children = (
				230BAE4A152BE54700CE26EC /* AppDelegate.h */,
				230BAE4B152BE54700CE26EC /* AppDelegate.m */,
				230BAE4D152BE54700CE26EC /* MainStoryboard.storyboard */,
				230BAE50152BE54700CE26EC /* ViewController.h */,
				230BAE51152BE54700CE26EC /* ViewController.m */,
				230BAE42152BE54700CE26EC /* Supporting Files */,
			);
			path = JBDeviceOwnerExample;
			sourceTree = "<group>";
		};
		230BAE42152BE54700CE26EC /* Supporting Files */ = {
			isa = PBXGroup;
			children = (
				230BAE43152BE54700CE26EC /* JBDeviceOwnerExample-Info.plist */,
				230BAE44152BE54700CE26EC /* InfoPlist.strings */,
				230BAE47152BE54700CE26EC /* main.m */,
				230BAE49152BE54700CE26EC /* JBDeviceOwnerExample-Prefix.pch */,
			);
			name = "Supporting Files";
			sourceTree = "<group>";
		};
/* End PBXGroup section */

/* Begin PBXNativeTarget section */
		230BAE36152BE54700CE26EC /* JBDeviceOwnerExample */ = {
			isa = PBXNativeTarget;
			buildConfigurationList = 230BAE55152BE54700CE26EC /* Build configuration list for PBXNativeTarget "JBDeviceOwnerExample" */;
			buildPhases = (
				230BAE33152BE54700CE26EC /* Sources */,
				230BAE34152BE54700CE26EC /* Frameworks */,
				230BAE35152BE54700CE26EC /* Resources */,
			);
			buildRules = (
			);
			dependencies = (
			);
			name = JBDeviceOwnerExample;
			productName = JBDeviceOwnerExample;
			productReference = 230BAE37152BE54700CE26EC /* JBDeviceOwnerExample.app */;
			productType = "com.apple.product-type.application";
		};
/* End PBXNativeTarget section */

/* Begin PBXProject section */
		230BAE2E152BE54700CE26EC /* Project object */ = {
			isa = PBXProject;
			attributes = {
				LastUpgradeCheck = 0430;
				ORGANIZATIONNAME = GitHub;
			};
			buildConfigurationList = 230BAE31152BE54700CE26EC /* Build configuration list for PBXProject "JBDeviceOwnerExample" */;
			compatibilityVersion = "Xcode 3.2";
			developmentRegion = English;
			hasScannedForEncodings = 0;
			knownRegions = (
				en,
			);
			mainGroup = 230BAE2C152BE54700CE26EC;
			productRefGroup = 230BAE38152BE54700CE26EC /* Products */;
			projectDirPath = "";
			projectRoot = "";
			targets = (
				230BAE36152BE54700CE26EC /* JBDeviceOwnerExample */,
			);
		};
/* End PBXProject section */

/* Begin PBXResourcesBuildPhase section */
		230BAE35152BE54700CE26EC /* Resources */ = {
			isa = PBXResourcesBuildPhase;
			buildActionMask = 2147483647;
			files = (
				230BAE46152BE54700CE26EC /* InfoPlist.strings in Resources */,
				230BAE4F152BE54700CE26EC /* MainStoryboard.storyboard in Resources */,
			);
			runOnlyForDeploymentPostprocessing = 0;
		};
/* End PBXResourcesBuildPhase section */

/* Begin PBXSourcesBuildPhase section */
		230BAE33152BE54700CE26EC /* Sources */ = {
			isa = PBXSourcesBuildPhase;
			buildActionMask = 2147483647;
			files = (
				230BAE48152BE54700CE26EC /* main.m in Sources */,
				230BAE4C152BE54700CE26EC /* AppDelegate.m in Sources */,
				230BAE52152BE54700CE26EC /* ViewController.m in Sources */,
			);
			runOnlyForDeploymentPostprocessing = 0;
		};
/* End PBXSourcesBuildPhase section */

/* Begin PBXVariantGroup section */
		230BAE44152BE54700CE26EC /* InfoPlist.strings */ = {
			isa = PBXVariantGroup;
			children = (
				230BAE45152BE54700CE26EC /* en */,
			);
			name = InfoPlist.strings;
			sourceTree = "<group>";
		};
		230BAE4D152BE54700CE26EC /* MainStoryboard.storyboard */ = {
			isa = PBXVariantGroup;
			children = (
				230BAE4E152BE54700CE26EC /* en */,
			);
			name = MainStoryboard.storyboard;
			sourceTree = "<group>";
		};
/* End PBXVariantGroup section */

/* Begin XCBuildConfiguration section */
		230BAE53152BE54700CE26EC /* Debug */ = {
			isa = XCBuildConfiguration;
			buildSettings = {
				ALWAYS_SEARCH_USER_PATHS = NO;
				ARCHS = "$(ARCHS_STANDARD_32_BIT)";
				CLANG_ENABLE_OBJC_ARC = YES;
				"CODE_SIGN_IDENTITY[sdk=iphoneos*]" = "iPhone Developer";
				COPY_PHASE_STRIP = NO;
				GCC_C_LANGUAGE_STANDARD = gnu99;
				GCC_DYNAMIC_NO_PIC = NO;
				GCC_OPTIMIZATION_LEVEL = 0;
				GCC_PREPROCESSOR_DEFINITIONS = (
					"DEBUG=1",
					"$(inherited)",
				);
				GCC_SYMBOLS_PRIVATE_EXTERN = NO;
				GCC_VERSION = com.apple.compilers.llvm.clang.1_0;
				GCC_WARN_ABOUT_RETURN_TYPE = YES;
				GCC_WARN_UNINITIALIZED_AUTOS = YES;
				GCC_WARN_UNUSED_VARIABLE = YES;
				IPHONEOS_DEPLOYMENT_TARGET = 5.1;
				SDKROOT = iphoneos;
			};
			name = Debug;
		};
		230BAE54152BE54700CE26EC /* Release */ = {
			isa = XCBuildConfiguration;
			buildSettings = {
				ALWAYS_SEARCH_USER_PATHS = NO;
				ARCHS = "$(ARCHS_STANDARD_32_BIT)";
				CLANG_ENABLE_OBJC_ARC = YES;
				"CODE_SIGN_IDENTITY[sdk=iphoneos*]" = "iPhone Developer";
				COPY_PHASE_STRIP = YES;
				GCC_C_LANGUAGE_STANDARD = gnu99;
				GCC_VERSION = com.apple.compilers.llvm.clang.1_0;
				GCC_WARN_ABOUT_RETURN_TYPE = YES;
				GCC_WARN_UNINITIALIZED_AUTOS = YES;
				GCC_WARN_UNUSED_VARIABLE = YES;
				IPHONEOS_DEPLOYMENT_TARGET = 5.1;
				OTHER_CFLAGS = "-DNS_BLOCK_ASSERTIONS=1";
				SDKROOT = iphoneos;
				VALIDATE_PRODUCT = YES;
			};
			name = Release;
		};
		230BAE56152BE54700CE26EC /* Debug */ = {
			isa = XCBuildConfiguration;
			buildSettings = {
				GCC_PRECOMPILE_PREFIX_HEADER = YES;
				GCC_PREFIX_HEADER = "JBDeviceOwnerExample/JBDeviceOwnerExample-Prefix.pch";
				INFOPLIST_FILE = "JBDeviceOwnerExample/JBDeviceOwnerExample-Info.plist";
				PRODUCT_NAME = "$(TARGET_NAME)";
				WRAPPER_EXTENSION = app;
			};
			name = Debug;
		};
		230BAE57152BE54700CE26EC /* Release */ = {
			isa = XCBuildConfiguration;
			buildSettings = {
				GCC_PRECOMPILE_PREFIX_HEADER = YES;
				GCC_PREFIX_HEADER = "JBDeviceOwnerExample/JBDeviceOwnerExample-Prefix.pch";
				INFOPLIST_FILE = "JBDeviceOwnerExample/JBDeviceOwnerExample-Info.plist";
				PRODUCT_NAME = "$(TARGET_NAME)";
				WRAPPER_EXTENSION = app;
			};
			name = Release;
		};
/* End XCBuildConfiguration section */

/* Begin XCConfigurationList section */
		230BAE31152BE54700CE26EC /* Build configuration list for PBXProject "JBDeviceOwnerExample" */ = {
			isa = XCConfigurationList;
			buildConfigurations = (
				230BAE53152BE54700CE26EC /* Debug */,
				230BAE54152BE54700CE26EC /* Release */,
			);
			defaultConfigurationIsVisible = 0;
			defaultConfigurationName = Release;
		};
		230BAE55152BE54700CE26EC /* Build configuration list for PBXNativeTarget "JBDeviceOwnerExample" */ = {
			isa = XCConfigurationList;
			buildConfigurations = (
				230BAE56152BE54700CE26EC /* Debug */,
				230BAE57152BE54700CE26EC /* Release */,
			);
			defaultConfigurationIsVisible = 0;
		};
/* End XCConfigurationList section */
	};
	rootObject = 230BAE2E152BE54700CE26EC /* Project object */;
}
